// !$*UTF8*$!
{
	archiveVersion = 1;
	classes = {
	};
	objectVersion = 46;
	objects = {

/* Begin PBXBuildFile section */
		7F47AF471AB0415600A9C3A9 /* main.m in Sources */ = {isa = PBXBuildFile; fileRef = 7F47AF461AB0415600A9C3A9 /* main.m */; };
		7F47AF4A1AB0415600A9C3A9 /* AppDelegate.m in Sources */ = {isa = PBXBuildFile; fileRef = 7F47AF491AB0415600A9C3A9 /* AppDelegate.m */; };
		7F47AF4D1AB0415600A9C3A9 /* ViewController.m in Sources */ = {isa = PBXBuildFile; fileRef = 7F47AF4C1AB0415600A9C3A9 /* ViewController.m */; };
		7F47AF501AB0415600A9C3A9 /* Main.storyboard in Resources */ = {isa = PBXBuildFile; fileRef = 7F47AF4E1AB0415600A9C3A9 /* Main.storyboard */; };
		7F47AF521AB0415600A9C3A9 /* Images.xcassets in Resources */ = {isa = PBXBuildFile; fileRef = 7F47AF511AB0415600A9C3A9 /* Images.xcassets */; };
		7F47AF551AB0415600A9C3A9 /* LaunchScreen.xib in Resources */ = {isa = PBXBuildFile; fileRef = 7F47AF531AB0415600A9C3A9 /* LaunchScreen.xib */; };
		7F47AF611AB0415600A9C3A9 /* NetEaseLoadingAnimationTests.m in Sources */ = {isa = PBXBuildFile; fileRef = 7F47AF601AB0415600A9C3A9 /* NetEaseLoadingAnimationTests.m */; };
/* End PBXBuildFile section */

/* Begin PBXContainerItemProxy section */
		7F47AF5B1AB0415600A9C3A9 /* PBXContainerItemProxy */ = {
			isa = PBXContainerItemProxy;
			containerPortal = 7F47AF391AB0415600A9C3A9 /* Project object */;
			proxyType = 1;
			remoteGlobalIDString = 7F47AF401AB0415600A9C3A9;
			remoteInfo = NetEaseLoadingAnimation;
		};
/* End PBXContainerItemProxy section */

/* Begin PBXFileReference section */
		7F47AF411AB0415600A9C3A9 /* NetEaseLoadingAnimation.app */ = {isa = PBXFileReference; explicitFileType = wrapper.application; includeInIndex = 0; path = NetEaseLoadingAnimation.app; sourceTree = BUILT_PRODUCTS_DIR; };
		7F47AF451AB0415600A9C3A9 /* Info.plist */ = {isa = PBXFileReference; lastKnownFileType = text.plist.xml; path = Info.plist; sourceTree = "<group>"; };
		7F47AF461AB0415600A9C3A9 /* main.m */ = {isa = PBXFileReference; lastKnownFileType = sourcecode.c.objc; path = main.m; sourceTree = "<group>"; };
		7F47AF481AB0415600A9C3A9 /* AppDelegate.h */ = {isa = PBXFileReference; lastKnownFileType = sourcecode.c.h; path = AppDelegate.h; sourceTree = "<group>"; };
		7F47AF491AB0415600A9C3A9 /* AppDelegate.m */ = {isa = PBXFileReference; lastKnownFileType = sourcecode.c.objc; path = AppDelegate.m; sourceTree = "<group>"; };
		7F47AF4B1AB0415600A9C3A9 /* ViewController.h */ = {isa = PBXFileReference; lastKnownFileType = sourcecode.c.h; path = ViewController.h; sourceTree = "<group>"; };
		7F47AF4C1AB0415600A9C3A9 /* ViewController.m */ = {isa = PBXFileReference; lastKnownFileType = sourcecode.c.objc; path = ViewController.m; sourceTree = "<group>"; };
		7F47AF4F1AB0415600A9C3A9 /* Base */ = {isa = PBXFileReference; lastKnownFileType = file.storyboard; name = Base; path = Base.lproj/Main.storyboard; sourceTree = "<group>"; };
		7F47AF511AB0415600A9C3A9 /* Images.xcassets */ = {isa = PBXFileReference; lastKnownFileType = folder.assetcatalog; path = Images.xcassets; sourceTree = "<group>"; };
		7F47AF541AB0415600A9C3A9 /* Base */ = {isa = PBXFileReference; lastKnownFileType = file.xib; name = Base; path = Base.lproj/LaunchScreen.xib; sourceTree = "<group>"; };
		7F47AF5A1AB0415600A9C3A9 /* NetEaseLoadingAnimationTests.xctest */ = {isa = PBXFileReference; explicitFileType = wrapper.cfbundle; includeInIndex = 0; path = NetEaseLoadingAnimationTests.xctest; sourceTree = BUILT_PRODUCTS_DIR; };
		7F47AF5F1AB0415600A9C3A9 /* Info.plist */ = {isa = PBXFileReference; lastKnownFileType = text.plist.xml; path = Info.plist; sourceTree = "<group>"; };
		7F47AF601AB0415600A9C3A9 /* NetEaseLoadingAnimationTests.m */ = {isa = PBXFileReference; lastKnownFileType = sourcecode.c.objc; path = NetEaseLoadingAnimationTests.m; sourceTree = "<group>"; };
/* End PBXFileReference section */

/* Begin PBXFrameworksBuildPhase section */
		7F47AF3E1AB0415600A9C3A9 /* Frameworks */ = {
			isa = PBXFrameworksBuildPhase;
			buildActionMask = 2147483647;
			files = (
			);
			runOnlyForDeploymentPostprocessing = 0;
		};
		7F47AF571AB0415600A9C3A9 /* Frameworks */ = {
			isa = PBXFrameworksBuildPhase;
			buildActionMask = 2147483647;
			files = (
			);
			runOnlyForDeploymentPostprocessing = 0;
		};
/* End PBXFrameworksBuildPhase section */

/* Begin PBXGroup section */
		7F47AF381AB0415600A9C3A9 = {
			isa = PBXGroup;
			children = (
				7F47AF431AB0415600A9C3A9 /* NetEaseLoadingAnimation */,
				7F47AF5D1AB0415600A9C3A9 /* NetEaseLoadingAnimationTests */,
				7F47AF421AB0415600A9C3A9 /* Products */,
			);
			sourceTree = "<group>";
		};
		7F47AF421AB0415600A9C3A9 /* Products */ = {
			isa = PBXGroup;
			children = (
				7F47AF411AB0415600A9C3A9 /* NetEaseLoadingAnimation.app */,
				7F47AF5A1AB0415600A9C3A9 /* NetEaseLoadingAnimationTests.xctest */,
			);
			name = Products;
			sourceTree = "<group>";
		};
		7F47AF431AB0415600A9C3A9 /* NetEaseLoadingAnimation */ = {
			isa = PBXGroup;
			children = (
				7F47AF481AB0415600A9C3A9 /* AppDelegate.h */,
				7F47AF491AB0415600A9C3A9 /* AppDelegate.m */,
				7F47AF4B1AB0415600A9C3A9 /* ViewController.h */,
				7F47AF4C1AB0415600A9C3A9 /* ViewController.m */,
				7F47AF4E1AB0415600A9C3A9 /* Main.storyboard */,
				7F47AF511AB0415600A9C3A9 /* Images.xcassets */,
				7F47AF531AB0415600A9C3A9 /* LaunchScreen.xib */,
				7F47AF441AB0415600A9C3A9 /* Supporting Files */,
			);
			path = NetEaseLoadingAnimation;
			sourceTree = "<group>";
		};
		7F47AF441AB0415600A9C3A9 /* Supporting Files */ = {
			isa = PBXGroup;
			children = (
				7F47AF451AB0415600A9C3A9 /* Info.plist */,
				7F47AF461AB0415600A9C3A9 /* main.m */,
			);
			name = "Supporting Files";
			sourceTree = "<group>";
		};
		7F47AF5D1AB0415600A9C3A9 /* NetEaseLoadingAnimationTests */ = {
			isa = PBXGroup;
			children = (
				7F47AF601AB0415600A9C3A9 /* NetEaseLoadingAnimationTests.m */,
				7F47AF5E1AB0415600A9C3A9 /* Supporting Files */,
			);
			path = NetEaseLoadingAnimationTests;
			sourceTree = "<group>";
		};
		7F47AF5E1AB0415600A9C3A9 /* Supporting Files */ = {
			isa = PBXGroup;
			children = (
				7F47AF5F1AB0415600A9C3A9 /* Info.plist */,
			);
			name = "Supporting Files";
			sourceTree = "<group>";
		};
/* End PBXGroup section */

/* Begin PBXNativeTarget section */
		7F47AF401AB0415600A9C3A9 /* NetEaseLoadingAnimation */ = {
			isa = PBXNativeTarget;
			buildConfigurationList = 7F47AF641AB0415600A9C3A9 /* Build configuration list for PBXNativeTarget "NetEaseLoadingAnimation" */;
			buildPhases = (
				7F47AF3D1AB0415600A9C3A9 /* Sources */,
				7F47AF3E1AB0415600A9C3A9 /* Frameworks */,
				7F47AF3F1AB0415600A9C3A9 /* Resources */,
			);
			buildRules = (
			);
			dependencies = (
			);
			name = NetEaseLoadingAnimation;
			productName = NetEaseLoadingAnimation;
			productReference = 7F47AF411AB0415600A9C3A9 /* NetEaseLoadingAnimation.app */;
			productType = "com.apple.product-type.application";
		};
		7F47AF591AB0415600A9C3A9 /* NetEaseLoadingAnimationTests */ = {
			isa = PBXNativeTarget;
			buildConfigurationList = 7F47AF671AB0415600A9C3A9 /* Build configuration list for PBXNativeTarget "NetEaseLoadingAnimationTests" */;
			buildPhases = (
				7F47AF561AB0415600A9C3A9 /* Sources */,
				7F47AF571AB0415600A9C3A9 /* Frameworks */,
				7F47AF581AB0415600A9C3A9 /* Resources */,
			);
			buildRules = (
			);
			dependencies = (
				7F47AF5C1AB0415600A9C3A9 /* PBXTargetDependency */,
			);
			name = NetEaseLoadingAnimationTests;
			productName = NetEaseLoadingAnimationTests;
			productReference = 7F47AF5A1AB0415600A9C3A9 /* NetEaseLoadingAnimationTests.xctest */;
			productType = "com.apple.product-type.bundle.unit-test";
		};
/* End PBXNativeTarget section */

/* Begin PBXProject section */
		7F47AF391AB0415600A9C3A9 /* Project object */ = {
			isa = PBXProject;
			attributes = {
				LastUpgradeCheck = 0610;
				ORGANIZATIONNAME = GF;
				TargetAttributes = {
					7F47AF401AB0415600A9C3A9 = {
						CreatedOnToolsVersion = 6.1.1;
					};
					7F47AF591AB0415600A9C3A9 = {
						CreatedOnToolsVersion = 6.1.1;
						TestTargetID = 7F47AF401AB0415600A9C3A9;
					};
				};
			};
			buildConfigurationList = 7F47AF3C1AB0415600A9C3A9 /* Build configuration list for PBXProject "NetEaseLoadingAnimation" */;
			compatibilityVersion = "Xcode 3.2";
			developmentRegion = English;
			hasScannedForEncodings = 0;
			knownRegions = (
				en,
				Base,
			);
			mainGroup = 7F47AF381AB0415600A9C3A9;
			productRefGroup = 7F47AF421AB0415600A9C3A9 /* Products */;
			projectDirPath = "";
			projectRoot = "";
			targets = (
				7F47AF401AB0415600A9C3A9 /* NetEaseLoadingAnimation */,
				7F47AF591AB0415600A9C3A9 /* NetEaseLoadingAnimationTests */,
			);
		};
/* End PBXProject section */

/* Begin PBXResourcesBuildPhase section */
		7F47AF3F1AB0415600A9C3A9 /* Resources */ = {
			isa = PBXResourcesBuildPhase;
			buildActionMask = 2147483647;
			files = (
				7F47AF501AB0415600A9C3A9 /* Main.storyboard in Resources */,
				7F47AF551AB0415600A9C3A9 /* LaunchScreen.xib in Resources */,
				7F47AF521AB0415600A9C3A9 /* Images.xcassets in Resources */,
			);
			runOnlyForDeploymentPostprocessing = 0;
		};
		7F47AF581AB0415600A9C3A9 /* Resources */ = {
			isa = PBXResourcesBuildPhase;
			buildActionMask = 2147483647;
			files = (
			);
			runOnlyForDeploymentPostprocessing = 0;
		};
/* End PBXResourcesBuildPhase section */

/* Begin PBXSourcesBuildPhase section */
		7F47AF3D1AB0415600A9C3A9 /* Sources */ = {
			isa = PBXSourcesBuildPhase;
			buildActionMask = 2147483647;
			files = (
				7F47AF4D1AB0415600A9C3A9 /* ViewController.m in Sources */,
				7F47AF4A1AB0415600A9C3A9 /* AppDelegate.m in Sources */,
				7F47AF471AB0415600A9C3A9 /* main.m in Sources */,
			);
			runOnlyForDeploymentPostprocessing = 0;
		};
		7F47AF561AB0415600A9C3A9 /* Sources */ = {
			isa = PBXSourcesBuildPhase;
			buildActionMask = 2147483647;
			files = (
				7F47AF611AB0415600A9C3A9 /* NetEaseLoadingAnimationTests.m in Sources */,
			);
			runOnlyForDeploymentPostprocessing = 0;
		};
/* End PBXSourcesBuildPhase section */

/* Begin PBXTargetDependency section */
		7F47AF5C1AB0415600A9C3A9 /* PBXTargetDependency */ = {
			isa = PBXTargetDependency;
			target = 7F47AF401AB0415600A9C3A9 /* NetEaseLoadingAnimation */;
			targetProxy = 7F47AF5B1AB0415600A9C3A9 /* PBXContainerItemProxy */;
		};
/* End PBXTargetDependency section */

/* Begin PBXVariantGroup section */
		7F47AF4E1AB0415600A9C3A9 /* Main.storyboard */ = {
			isa = PBXVariantGroup;
			children = (
				7F47AF4F1AB0415600A9C3A9 /* Base */,
			);
			name = Main.storyboard;
			sourceTree = "<group>";
		};
		7F47AF531AB0415600A9C3A9 /* LaunchScreen.xib */ = {
			isa = PBXVariantGroup;
			children = (
				7F47AF541AB0415600A9C3A9 /* Base */,
			);
			name = LaunchScreen.xib;
			sourceTree = "<group>";
		};
/* End PBXVariantGroup section */

/* Begin XCBuildConfiguration section */
		7F47AF621AB0415600A9C3A9 /* Debug */ = {
			isa = XCBuildConfiguration;
			buildSettings = {
				ALWAYS_SEARCH_USER_PATHS = NO;
				CLANG_CXX_LANGUAGE_STANDARD = "gnu++0x";
				CLANG_CXX_LIBRARY = "libc++";
				CLANG_ENABLE_MODULES = YES;
				CLANG_ENABLE_OBJC_ARC = YES;
				CLANG_WARN_BOOL_CONVERSION = YES;
				CLANG_WARN_CONSTANT_CONVERSION = YES;
				CLANG_WARN_DIRECT_OBJC_ISA_USAGE = YES_ERROR;
				CLANG_WARN_EMPTY_BODY = YES;
				CLANG_WARN_ENUM_CONVERSION = YES;
				CLANG_WARN_INT_CONVERSION = YES;
				CLANG_WARN_OBJC_ROOT_CLASS = YES_ERROR;
				CLANG_WARN_UNREACHABLE_CODE = YES;
				CLANG_WARN__DUPLICATE_METHOD_MATCH = YES;
				"CODE_SIGN_IDENTITY[sdk=iphoneos*]" = "iPhone Developer";
				COPY_PHASE_STRIP = NO;
				ENABLE_STRICT_OBJC_MSGSEND = YES;
				GCC_C_LANGUAGE_STANDARD = gnu99;
				GCC_DYNAMIC_NO_PIC = NO;
				GCC_OPTIMIZATION_LEVEL = 0;
				GCC_PREPROCESSOR_DEFINITIONS = (
					"DEBUG=1",
					"$(inherited)",
				);
				GCC_SYMBOLS_PRIVATE_EXTERN = NO;
				GCC_WARN_64_TO_32_BIT_CONVERSION = YES;
				GCC_WARN_ABOUT_RETURN_TYPE = YES_ERROR;
				GCC_WARN_UNDECLARED_SELECTOR = YES;
				GCC_WARN_UNINITIALIZED_AUTOS = YES_AGGRESSIVE;
				GCC_WARN_UNUSED_FUNCTION = YES;
				GCC_WARN_UNUSED_VARIABLE = YES;
				IPHONEOS_DEPLOYMENT_TARGET = 8.1;
				MTL_ENABLE_DEBUG_INFO = YES;
				ONLY_ACTIVE_ARCH = YES;
				SDKROOT = iphoneos;
			};
			name = Debug;
		};
		7F47AF631AB0415600A9C3A9 /* Release */ = {
			isa = XCBuildConfiguration;
			buildSettings = {
				ALWAYS_SEARCH_USER_PATHS = NO;
				CLANG_CXX_LANGUAGE_STANDARD = "gnu++0x";
				CLANG_CXX_LIBRARY = "libc++";
				CLANG_ENABLE_MODULES = YES;
				CLANG_ENABLE_OBJC_ARC = YES;
				CLANG_WARN_BOOL_CONVERSION = YES;
				CLANG_WARN_CONSTANT_CONVERSION = YES;
				CLANG_WARN_DIRECT_OBJC_ISA_USAGE = YES_ERROR;
				CLANG_WARN_EMPTY_BODY = YES;
				CLANG_WARN_ENUM_CONVERSION = YES;
				CLANG_WARN_INT_CONVERSION = YES;
				CLANG_WARN_OBJC_ROOT_CLASS = YES_ERROR;
				CLANG_WARN_UNREACHABLE_CODE = YES;
				CLANG_WARN__DUPLICATE_METHOD_MATCH = YES;
				"CODE_SIGN_IDENTITY[sdk=iphoneos*]" = "iPhone Developer";
				COPY_PHASE_STRIP = YES;
				ENABLE_NS_ASSERTIONS = NO;
				ENABLE_STRICT_OBJC_MSGSEND = YES;
				GCC_C_LANGUAGE_STANDARD = gnu99;
				GCC_WARN_64_TO_32_BIT_CONVERSION = YES;
				GCC_WARN_ABOUT_RETURN_TYPE = YES_ERROR;
				GCC_WARN_UNDECLARED_SELECTOR = YES;
				GCC_WARN_UNINITIALIZED_AUTOS = YES_AGGRESSIVE;
				GCC_WARN_UNUSED_FUNCTION = YES;
				GCC_WARN_UNUSED_VARIABLE = YES;
				IPHONEOS_DEPLOYMENT_TARGET = 8.1;
				MTL_ENABLE_DEBUG_INFO = NO;
				SDKROOT = iphoneos;
				VALIDATE_PRODUCT = YES;
			};
			name = Release;
		};
		7F47AF651AB0415600A9C3A9 /* Debug */ = {
			isa = XCBuildConfiguration;
			buildSettings = {
				ASSETCATALOG_COMPILER_APPICON_NAME = AppIcon;
				INFOPLIST_FILE = NetEaseLoadingAnimation/Info.plist;
				LD_RUNPATH_SEARCH_PATHS = "$(inherited) @executable_path/Frameworks";
				PRODUCT_NAME = "$(TARGET_NAME)";
			};
			name = Debug;
		};
		7F47AF661AB0415600A9C3A9 /* Release */ = {
			isa = XCBuildConfiguration;
			buildSettings = {
				ASSETCATALOG_COMPILER_APPICON_NAME = AppIcon;
				INFOPLIST_FILE = NetEaseLoadingAnimation/Info.plist;
				LD_RUNPATH_SEARCH_PATHS = "$(inherited) @executable_path/Frameworks";
				PRODUCT_NAME = "$(TARGET_NAME)";
			};
			name = Release;
		};
		7F47AF681AB0415600A9C3A9 /* Debug */ = {
			isa = XCBuildConfiguration;
			buildSettings = {
				BUNDLE_LOADER = "$(TEST_HOST)";
				FRAMEWORK_SEARCH_PATHS = (
					"$(SDKROOT)/Developer/Library/Frameworks",
					"$(inherited)",
				);
				GCC_PREPROCESSOR_DEFINITIONS = (
					"DEBUG=1",
					"$(inherited)",
				);
				INFOPLIST_FILE = NetEaseLoadingAnimationTests/Info.plist;
				LD_RUNPATH_SEARCH_PATHS = "$(inherited) @executable_path/Frameworks @loader_path/Frameworks";
				PRODUCT_NAME = "$(TARGET_NAME)";
				TEST_HOST = "$(BUILT_PRODUCTS_DIR)/NetEaseLoadingAnimation.app/NetEaseLoadingAnimation";
			};
			name = Debug;
		};
		7F47AF691AB0415600A9C3A9 /* Release */ = {
			isa = XCBuildConfiguration;
			buildSettings = {
				BUNDLE_LOADER = "$(TEST_HOST)";
				FRAMEWORK_SEARCH_PATHS = (
					"$(SDKROOT)/Developer/Library/Frameworks",
					"$(inherited)",
				);
				INFOPLIST_FILE = NetEaseLoadingAnimationTests/Info.plist;
				LD_RUNPATH_SEARCH_PATHS = "$(inherited) @executable_path/Frameworks @loader_path/Frameworks";
				PRODUCT_NAME = "$(TARGET_NAME)";
				TEST_HOST = "$(BUILT_PRODUCTS_DIR)/NetEaseLoadingAnimation.app/NetEaseLoadingAnimation";
			};
			name = Release;
		};
/* End XCBuildConfiguration section */

/* Begin XCConfigurationList section */
		7F47AF3C1AB0415600A9C3A9 /* Build configuration list for PBXProject "NetEaseLoadingAnimation" */ = {
			isa = XCConfigurationList;
			buildConfigurations = (
				7F47AF621AB0415600A9C3A9 /* Debug */,
				7F47AF631AB0415600A9C3A9 /* Release */,
			);
			defaultConfigurationIsVisible = 0;
			defaultConfigurationName = Release;
		};
		7F47AF641AB0415600A9C3A9 /* Build configuration list for PBXNativeTarget "NetEaseLoadingAnimation" */ = {
			isa = XCConfigurationList;
			buildConfigurations = (
				7F47AF651AB0415600A9C3A9 /* Debug */,
				7F47AF661AB0415600A9C3A9 /* Release */,
			);
			defaultConfigurationIsVisible = 0;
		};
		7F47AF671AB0415600A9C3A9 /* Build configuration list for PBXNativeTarget "NetEaseLoadingAnimationTests" */ = {
			isa = XCConfigurationList;
			buildConfigurations = (
				7F47AF681AB0415600A9C3A9 /* Debug */,
				7F47AF691AB0415600A9C3A9 /* Release */,
			);
			defaultConfigurationIsVisible = 0;
		};
/* End XCConfigurationList section */
	};
	rootObject = 7F47AF391AB0415600A9C3A9 /* Project object */;
}
